
Microsoft Visual Studio Solution File, Format Version 12.00
# Visual Studio Version 16
VisualStudioVersion = 16.0.30503.244
MinimumVisualStudioVersion = 10.0.40219.1
Project("{FAE04EC0-301F-11D3-BF4B-00C04F79EFBC}") = "DucBui_CrawlerCoding", "DucBui_CrawlerCoding.csproj", "{CD34D548-CAFD-4BB1-B946-46BFC17EC9FD}"
EndProject
Global
	GlobalSection(SolutionConfigurationPlatforms) = preSolution
		Debug|Any CPU = Debug|Any CPU
		Release|Any CPU = Release|Any CPU
	EndGlobalSection
	GlobalSection(ProjectConfigurationPlatforms) = postSolution
		{CD34D548-CAFD-4BB1-B946-46BFC17EC9FD}.Debug|Any CPU.ActiveCfg = Debug|Any CPU
		{CD34D548-CAFD-4BB1-B946-46BFC17EC9FD}.Debug|Any CPU.Build.0 = Debug|Any CPU
		{CD34D548-CAFD-4BB1-B946-46BFC17EC9FD}.Release|Any CPU.ActiveCfg = Release|Any CPU
		{CD34D548-CAFD-4BB1-B946-46BFC17EC9FD}.Release|Any CPU.Build.0 = Release|Any CPU
	EndGlobalSection
	GlobalSection(SolutionProperties) = preSolution
		HideSolutionNode = FALSE
	EndGlobalSection
	GlobalSection(ExtensibilityGlobals) = postSolution
		SolutionGuid = {4E094204-FA3F-4906-AB73-41187E98E23E}
	EndGlobalSection
EndGlobal
